
Microsoft Visual Studio Solution File, Format Version 12.00
# Visual Studio 15
VisualStudioVersion = 15.0.28307.136
MinimumVisualStudioVersion = 10.0.40219.1
Project("{FAE04EC0-301F-11D3-BF4B-00C04F79EFBC}") = "U2-24", "U2-24.csproj", "{49CE07B8-0E32-457C-A8BC-580CF86AE3F2}"
EndProject
Global
	GlobalSection(SolutionConfigurationPlatforms) = preSolution
		Debug|Any CPU = Debug|Any CPU
		Release|Any CPU = Release|Any CPU
	EndGlobalSection
	GlobalSection(ProjectConfigurationPlatforms) = postSolution
		{49CE07B8-0E32-457C-A8BC-580CF86AE3F2}.Debug|Any CPU.ActiveCfg = Debug|Any CPU
		{49CE07B8-0E32-457C-A8BC-580CF86AE3F2}.Debug|Any CPU.Build.0 = Debug|Any CPU
		{49CE07B8-0E32-457C-A8BC-580CF86AE3F2}.Release|Any CPU.ActiveCfg = Release|Any CPU
		{49CE07B8-0E32-457C-A8BC-580CF86AE3F2}.Release|Any CPU.Build.0 = Release|Any CPU
	EndGlobalSection
	GlobalSection(SolutionProperties) = preSolution
		HideSolutionNode = FALSE
	EndGlobalSection
	GlobalSection(ExtensibilityGlobals) = postSolution
		SolutionGuid = {9E4EA785-F81A-4132-98FB-4B4F1F007D2F}
	EndGlobalSection
EndGlobal
